
Microsoft Visual Studio Solution File, Format Version 12.00
# Visual Studio Version 16
VisualStudioVersion = 16.0.30517.126
MinimumVisualStudioVersion = 10.0.40219.1
Project("{FAE04EC0-301F-11D3-BF4B-00C04F79EFBC}") = "ApplicationMain", "ApplicationMain.csproj", "{5DA0EAC1-8C60-42BF-94D6-ABD50746D743}"
EndProject
Project("{FAE04EC0-301F-11D3-BF4B-00C04F79EFBC}") = "BasicForms", "LibreriaControles\BasicForms.csproj", "{F986A883-16EE-4A84-85A6-AA7DED000265}"
EndProject
Project("{FAE04EC0-301F-11D3-BF4B-00C04F79EFBC}") = "ControlsMC", "ControlsMC\ControlsMC.csproj", "{A203BBC8-00F3-4CEA-ACB9-B7D6A9B028E8}"
EndProject
Project("{FAE04EC0-301F-11D3-BF4B-00C04F79EFBC}") = "LibreriaClases", "LibreriaClases\LibreriaClases.csproj", "{0E14A562-ABFC-4ED3-A95E-2D96A976C12A}"
EndProject
Project("{FAE04EC0-301F-11D3-BF4B-00C04F79EFBC}") = "CustomControlsMC", "TextBoxControls\CustomControlsMC.csproj", "{FB17DE15-0B06-41FC-96AA-3A53D9F7B289}"
EndProject
Project("{FAE04EC0-301F-11D3-BF4B-00C04F79EFBC}") = "InitialFormsLibrary", "InitialFormsLibrary\InitialFormsLibrary.csproj", "{A9862E6D-08C9-4774-A8FA-AAE8E48D4A36}"
EndProject
Project("{FAE04EC0-301F-11D3-BF4B-00C04F79EFBC}") = "TestsForms", "TestsForms\TestsForms.csproj", "{69A78B2A-0B72-4877-BED4-9C24DFFA74DF}"
EndProject
Project("{FAE04EC0-301F-11D3-BF4B-00C04F79EFBC}") = "species", "species\species.csproj", "{3129A7CA-477B-48E6-82B3-F7B6D0FE8DE8}"
EndProject
Project("{FAE04EC0-301F-11D3-BF4B-00C04F79EFBC}") = "planets", "planets\planets.csproj", "{60A5ADD6-0CDF-4EBB-8EEC-9620D6B31FDE}"
EndProject
Project("{FAE04EC0-301F-11D3-BF4B-00C04F79EFBC}") = "Categories", "Categories\Categories.csproj", "{B59EB7AF-F3E3-41BF-BC62-E92603C51985}"
EndProject
Project("{FAE04EC0-301F-11D3-BF4B-00C04F79EFBC}") = "Users", "Users\Users.csproj", "{B9301DFC-024A-4547-8FCE-FBE7F9F73980}"
EndProject
Global
	GlobalSection(SolutionConfigurationPlatforms) = preSolution
		Debug|Any CPU = Debug|Any CPU
		Release|Any CPU = Release|Any CPU
	EndGlobalSection
	GlobalSection(ProjectConfigurationPlatforms) = postSolution
		{5DA0EAC1-8C60-42BF-94D6-ABD50746D743}.Debug|Any CPU.ActiveCfg = Debug|Any CPU
		{5DA0EAC1-8C60-42BF-94D6-ABD50746D743}.Debug|Any CPU.Build.0 = Debug|Any CPU
		{5DA0EAC1-8C60-42BF-94D6-ABD50746D743}.Release|Any CPU.ActiveCfg = Release|Any CPU
		{5DA0EAC1-8C60-42BF-94D6-ABD50746D743}.Release|Any CPU.Build.0 = Release|Any CPU
		{F986A883-16EE-4A84-85A6-AA7DED000265}.Debug|Any CPU.ActiveCfg = Debug|Any CPU
		{F986A883-16EE-4A84-85A6-AA7DED000265}.Debug|Any CPU.Build.0 = Debug|Any CPU
		{F986A883-16EE-4A84-85A6-AA7DED000265}.Release|Any CPU.ActiveCfg = Release|Any CPU
		{F986A883-16EE-4A84-85A6-AA7DED000265}.Release|Any CPU.Build.0 = Release|Any CPU
		{A203BBC8-00F3-4CEA-ACB9-B7D6A9B028E8}.Debug|Any CPU.ActiveCfg = Debug|Any CPU
		{A203BBC8-00F3-4CEA-ACB9-B7D6A9B028E8}.Debug|Any CPU.Build.0 = Debug|Any CPU
		{A203BBC8-00F3-4CEA-ACB9-B7D6A9B028E8}.Release|Any CPU.ActiveCfg = Release|Any CPU
		{A203BBC8-00F3-4CEA-ACB9-B7D6A9B028E8}.Release|Any CPU.Build.0 = Release|Any CPU
		{0E14A562-ABFC-4ED3-A95E-2D96A976C12A}.Debug|Any CPU.ActiveCfg = Debug|Any CPU
		{0E14A562-ABFC-4ED3-A95E-2D96A976C12A}.Debug|Any CPU.Build.0 = Debug|Any CPU
		{0E14A562-ABFC-4ED3-A95E-2D96A976C12A}.Release|Any CPU.ActiveCfg = Release|Any CPU
		{0E14A562-ABFC-4ED3-A95E-2D96A976C12A}.Release|Any CPU.Build.0 = Release|Any CPU
		{FB17DE15-0B06-41FC-96AA-3A53D9F7B289}.Debug|Any CPU.ActiveCfg = Debug|Any CPU
		{FB17DE15-0B06-41FC-96AA-3A53D9F7B289}.Debug|Any CPU.Build.0 = Debug|Any CPU
		{FB17DE15-0B06-41FC-96AA-3A53D9F7B289}.Release|Any CPU.ActiveCfg = Release|Any CPU
		{FB17DE15-0B06-41FC-96AA-3A53D9F7B289}.Release|Any CPU.Build.0 = Release|Any CPU
		{A9862E6D-08C9-4774-A8FA-AAE8E48D4A36}.Debug|Any CPU.ActiveCfg = Debug|Any CPU
		{A9862E6D-08C9-4774-A8FA-AAE8E48D4A36}.Debug|Any CPU.Build.0 = Debug|Any CPU
		{A9862E6D-08C9-4774-A8FA-AAE8E48D4A36}.Release|Any CPU.ActiveCfg = Release|Any CPU
		{A9862E6D-08C9-4774-A8FA-AAE8E48D4A36}.Release|Any CPU.Build.0 = Release|Any CPU
		{69A78B2A-0B72-4877-BED4-9C24DFFA74DF}.Debug|Any CPU.ActiveCfg = Debug|Any CPU
		{69A78B2A-0B72-4877-BED4-9C24DFFA74DF}.Debug|Any CPU.Build.0 = Debug|Any CPU
		{69A78B2A-0B72-4877-BED4-9C24DFFA74DF}.Release|Any CPU.ActiveCfg = Release|Any CPU
		{69A78B2A-0B72-4877-BED4-9C24DFFA74DF}.Release|Any CPU.Build.0 = Release|Any CPU
		{3129A7CA-477B-48E6-82B3-F7B6D0FE8DE8}.Debug|Any CPU.ActiveCfg = Debug|Any CPU
		{3129A7CA-477B-48E6-82B3-F7B6D0FE8DE8}.Debug|Any CPU.Build.0 = Debug|Any CPU
		{3129A7CA-477B-48E6-82B3-F7B6D0FE8DE8}.Release|Any CPU.ActiveCfg = Release|Any CPU
		{3129A7CA-477B-48E6-82B3-F7B6D0FE8DE8}.Release|Any CPU.Build.0 = Release|Any CPU
		{60A5ADD6-0CDF-4EBB-8EEC-9620D6B31FDE}.Debug|Any CPU.ActiveCfg = Debug|Any CPU
		{60A5ADD6-0CDF-4EBB-8EEC-9620D6B31FDE}.Debug|Any CPU.Build.0 = Debug|Any CPU
		{60A5ADD6-0CDF-4EBB-8EEC-9620D6B31FDE}.Release|Any CPU.ActiveCfg = Release|Any CPU
		{60A5ADD6-0CDF-4EBB-8EEC-9620D6B31FDE}.Release|Any CPU.Build.0 = Release|Any CPU
		{B59EB7AF-F3E3-41BF-BC62-E92603C51985}.Debug|Any CPU.ActiveCfg = Debug|Any CPU
		{B59EB7AF-F3E3-41BF-BC62-E92603C51985}.Debug|Any CPU.Build.0 = Debug|Any CPU
		{B59EB7AF-F3E3-41BF-BC62-E92603C51985}.Release|Any CPU.ActiveCfg = Release|Any CPU
		{B59EB7AF-F3E3-41BF-BC62-E92603C51985}.Release|Any CPU.Build.0 = Release|Any CPU
		{B9301DFC-024A-4547-8FCE-FBE7F9F73980}.Debug|Any CPU.ActiveCfg = Debug|Any CPU
		{B9301DFC-024A-4547-8FCE-FBE7F9F73980}.Debug|Any CPU.Build.0 = Debug|Any CPU
		{B9301DFC-024A-4547-8FCE-FBE7F9F73980}.Release|Any CPU.ActiveCfg = Release|Any CPU
		{B9301DFC-024A-4547-8FCE-FBE7F9F73980}.Release|Any CPU.Build.0 = Release|Any CPU
	EndGlobalSection
	GlobalSection(SolutionProperties) = preSolution
		HideSolutionNode = FALSE
	EndGlobalSection
	GlobalSection(ExtensibilityGlobals) = postSolution
		SolutionGuid = {F9C3E2EA-B678-4FDE-8074-327F00057A72}
	EndGlobalSection
EndGlobal
